
Microsoft Visual Studio Solution File, Format Version 12.00
# Visual Studio Version 16
VisualStudioVersion = 16.0.31424.327
MinimumVisualStudioVersion = 10.0.40219.1
Project("{FAE04EC0-301F-11D3-BF4B-00C04F79EFBC}") = "ProductReviewManagement", "ProductReviewManagement\ProductReviewManagement.csproj", "{11BB0AAE-963F-4545-8E42-84E496638408}"
EndProject
Global
	GlobalSection(SolutionConfigurationPlatforms) = preSolution
		Debug|Any CPU = Debug|Any CPU
		Release|Any CPU = Release|Any CPU
	EndGlobalSection
	GlobalSection(ProjectConfigurationPlatforms) = postSolution
		{11BB0AAE-963F-4545-8E42-84E496638408}.Debug|Any CPU.ActiveCfg = Debug|Any CPU
		{11BB0AAE-963F-4545-8E42-84E496638408}.Debug|Any CPU.Build.0 = Debug|Any CPU
		{11BB0AAE-963F-4545-8E42-84E496638408}.Release|Any CPU.ActiveCfg = Release|Any CPU
		{11BB0AAE-963F-4545-8E42-84E496638408}.Release|Any CPU.Build.0 = Release|Any CPU
	EndGlobalSection
	GlobalSection(SolutionProperties) = preSolution
		HideSolutionNode = FALSE
	EndGlobalSection
	GlobalSection(ExtensibilityGlobals) = postSolution
		SolutionGuid = {F6540BCD-62C1-4F9C-AE7E-6946AFC6A83A}
	EndGlobalSection
EndGlobal
